// !$*UTF8*$!
{
	archiveVersion = 1;
	classes = {
	};
	objectVersion = 56;
	objects = {

/* Begin PBXBuildFile section */
		5BD10C6BBA93C715B9296FB6 /* Pods_PhotoShot.framework in Frameworks */ = {isa = PBXBuildFile; fileRef = A01970EBA0872DEE0DA3769B /* Pods_PhotoShot.framework */; };
		C61CEE5C290BEE190020350F /* AppDelegate.swift in Sources */ = {isa = PBXBuildFile; fileRef = C61CEE5B290BEE190020350F /* AppDelegate.swift */; };
		C61CEE5E290BEE190020350F /* SceneDelegate.swift in Sources */ = {isa = PBXBuildFile; fileRef = C61CEE5D290BEE190020350F /* SceneDelegate.swift */; };
		C61CEE60290BEE190020350F /* SignInVC.swift in Sources */ = {isa = PBXBuildFile; fileRef = C61CEE5F290BEE190020350F /* SignInVC.swift */; };
		C61CEE63290BEE190020350F /* Main.storyboard in Resources */ = {isa = PBXBuildFile; fileRef = C61CEE61290BEE190020350F /* Main.storyboard */; };
		C61CEE65290BEE1D0020350F /* Assets.xcassets in Resources */ = {isa = PBXBuildFile; fileRef = C61CEE64290BEE1D0020350F /* Assets.xcassets */; };
		C61CEE68290BEE1D0020350F /* LaunchScreen.storyboard in Resources */ = {isa = PBXBuildFile; fileRef = C61CEE66290BEE1D0020350F /* LaunchScreen.storyboard */; };
		C61CEE70290BEEA30020350F /* GoogleService-Info.plist in Resources */ = {isa = PBXBuildFile; fileRef = C61CEE6F290BEEA30020350F /* GoogleService-Info.plist */; };
		C61CEE72290E921D0020350F /* FeedVC.swift in Sources */ = {isa = PBXBuildFile; fileRef = C61CEE71290E921D0020350F /* FeedVC.swift */; };
		C61CEE74290E923E0020350F /* UploadVC.swift in Sources */ = {isa = PBXBuildFile; fileRef = C61CEE73290E923E0020350F /* UploadVC.swift */; };
		C6C09B0829100A620062201A /* SettingsVC.swift in Sources */ = {isa = PBXBuildFile; fileRef = C6C09B0729100A620062201A /* SettingsVC.swift */; };
		C6C09B0A2910112A0062201A /* PhotoVC.swift in Sources */ = {isa = PBXBuildFile; fileRef = C6C09B092910112A0062201A /* PhotoVC.swift */; };
/* End PBXBuildFile section */

/* Begin PBXFileReference section */
		601ABC892547E5C779ADC482 /* Pods-PhotoShot.debug.xcconfig */ = {isa = PBXFileReference; includeInIndex = 1; lastKnownFileType = text.xcconfig; name = "Pods-PhotoShot.debug.xcconfig"; path = "Target Support Files/Pods-PhotoShot/Pods-PhotoShot.debug.xcconfig"; sourceTree = "<group>"; };
		91CCD148E460C1925A94995B /* Pods-PhotoShot.release.xcconfig */ = {isa = PBXFileReference; includeInIndex = 1; lastKnownFileType = text.xcconfig; name = "Pods-PhotoShot.release.xcconfig"; path = "Target Support Files/Pods-PhotoShot/Pods-PhotoShot.release.xcconfig"; sourceTree = "<group>"; };
		A01970EBA0872DEE0DA3769B /* Pods_PhotoShot.framework */ = {isa = PBXFileReference; explicitFileType = wrapper.framework; includeInIndex = 0; path = Pods_PhotoShot.framework; sourceTree = BUILT_PRODUCTS_DIR; };
		C61CEE58290BEE190020350F /* PhotoShot.app */ = {isa = PBXFileReference; explicitFileType = wrapper.application; includeInIndex = 0; path = PhotoShot.app; sourceTree = BUILT_PRODUCTS_DIR; };
		C61CEE5B290BEE190020350F /* AppDelegate.swift */ = {isa = PBXFileReference; lastKnownFileType = sourcecode.swift; path = AppDelegate.swift; sourceTree = "<group>"; };
		C61CEE5D290BEE190020350F /* SceneDelegate.swift */ = {isa = PBXFileReference; lastKnownFileType = sourcecode.swift; path = SceneDelegate.swift; sourceTree = "<group>"; };
		C61CEE5F290BEE190020350F /* SignInVC.swift */ = {isa = PBXFileReference; lastKnownFileType = sourcecode.swift; path = SignInVC.swift; sourceTree = "<group>"; };
		C61CEE62290BEE190020350F /* Base */ = {isa = PBXFileReference; lastKnownFileType = file.storyboard; name = Base; path = Base.lproj/Main.storyboard; sourceTree = "<group>"; };
		C61CEE64290BEE1D0020350F /* Assets.xcassets */ = {isa = PBXFileReference; lastKnownFileType = folder.assetcatalog; path = Assets.xcassets; sourceTree = "<group>"; };
		C61CEE67290BEE1D0020350F /* Base */ = {isa = PBXFileReference; lastKnownFileType = file.storyboard; name = Base; path = Base.lproj/LaunchScreen.storyboard; sourceTree = "<group>"; };
		C61CEE69290BEE1D0020350F /* Info.plist */ = {isa = PBXFileReference; lastKnownFileType = text.plist.xml; path = Info.plist; sourceTree = "<group>"; };
		C61CEE6F290BEEA30020350F /* GoogleService-Info.plist */ = {isa = PBXFileReference; fileEncoding = 4; lastKnownFileType = text.plist.xml; path = "GoogleService-Info.plist"; sourceTree = "<group>"; };
		C61CEE71290E921D0020350F /* FeedVC.swift */ = {isa = PBXFileReference; lastKnownFileType = sourcecode.swift; path = FeedVC.swift; sourceTree = "<group>"; };
		C61CEE73290E923E0020350F /* UploadVC.swift */ = {isa = PBXFileReference; lastKnownFileType = sourcecode.swift; path = UploadVC.swift; sourceTree = "<group>"; };
		C6C09B0729100A620062201A /* SettingsVC.swift */ = {isa = PBXFileReference; lastKnownFileType = sourcecode.swift; path = SettingsVC.swift; sourceTree = "<group>"; };
		C6C09B092910112A0062201A /* PhotoVC.swift */ = {isa = PBXFileReference; lastKnownFileType = sourcecode.swift; path = PhotoVC.swift; sourceTree = "<group>"; };
/* End PBXFileReference section */

/* Begin PBXFrameworksBuildPhase section */
		C61CEE55290BEE190020350F /* Frameworks */ = {
			isa = PBXFrameworksBuildPhase;
			buildActionMask = 2147483647;
			files = (
				5BD10C6BBA93C715B9296FB6 /* Pods_PhotoShot.framework in Frameworks */,
			);
			runOnlyForDeploymentPostprocessing = 0;
		};
/* End PBXFrameworksBuildPhase section */

/* Begin PBXGroup section */
		2EC624BE252190E146FCBB30 /* Frameworks */ = {
			isa = PBXGroup;
			children = (
				A01970EBA0872DEE0DA3769B /* Pods_PhotoShot.framework */,
			);
			name = Frameworks;
			sourceTree = "<group>";
		};
		31F1DA85F88D4764F566311D /* Pods */ = {
			isa = PBXGroup;
			children = (
				601ABC892547E5C779ADC482 /* Pods-PhotoShot.debug.xcconfig */,
				91CCD148E460C1925A94995B /* Pods-PhotoShot.release.xcconfig */,
			);
			path = Pods;
			sourceTree = "<group>";
		};
		C61CEE4F290BEE190020350F = {
			isa = PBXGroup;
			children = (
				C61CEE5A290BEE190020350F /* PhotoShot */,
				C61CEE59290BEE190020350F /* Products */,
				31F1DA85F88D4764F566311D /* Pods */,
				2EC624BE252190E146FCBB30 /* Frameworks */,
			);
			sourceTree = "<group>";
		};
		C61CEE59290BEE190020350F /* Products */ = {
			isa = PBXGroup;
			children = (
				C61CEE58290BEE190020350F /* PhotoShot.app */,
			);
			name = Products;
			sourceTree = "<group>";
		};
		C61CEE5A290BEE190020350F /* PhotoShot */ = {
			isa = PBXGroup;
			children = (
				C6C09B03291006FB0062201A /* Delegates */,
				C6C09B02291006D70062201A /* View Controllers */,
				C61CEE61290BEE190020350F /* Main.storyboard */,
				C61CEE64290BEE1D0020350F /* Assets.xcassets */,
				C61CEE66290BEE1D0020350F /* LaunchScreen.storyboard */,
				C61CEE69290BEE1D0020350F /* Info.plist */,
				C61CEE6F290BEEA30020350F /* GoogleService-Info.plist */,
			);
			path = PhotoShot;
			sourceTree = "<group>";
		};
		C6C09B02291006D70062201A /* View Controllers */ = {
			isa = PBXGroup;
			children = (
				C61CEE5F290BEE190020350F /* SignInVC.swift */,
				C61CEE71290E921D0020350F /* FeedVC.swift */,
				C61CEE73290E923E0020350F /* UploadVC.swift */,
				C6C09B0729100A620062201A /* SettingsVC.swift */,
				C6C09B092910112A0062201A /* PhotoVC.swift */,
			);
			path = "View Controllers";
			sourceTree = "<group>";
		};
		C6C09B03291006FB0062201A /* Delegates */ = {
			isa = PBXGroup;
			children = (
				C61CEE5D290BEE190020350F /* SceneDelegate.swift */,
				C61CEE5B290BEE190020350F /* AppDelegate.swift */,
			);
			path = Delegates;
			sourceTree = "<group>";
		};
/* End PBXGroup section */

/* Begin PBXNativeTarget section */
		C61CEE57290BEE190020350F /* PhotoShot */ = {
			isa = PBXNativeTarget;
			buildConfigurationList = C61CEE6C290BEE1D0020350F /* Build configuration list for PBXNativeTarget "PhotoShot" */;
			buildPhases = (
				4262F45B29A9220D0248C4A6 /* [CP] Check Pods Manifest.lock */,
				C61CEE54290BEE190020350F /* Sources */,
				C61CEE55290BEE190020350F /* Frameworks */,
				C61CEE56290BEE190020350F /* Resources */,
				F7D246F32E73DB8C1DC739C0 /* [CP] Embed Pods Frameworks */,
			);
			buildRules = (
			);
			dependencies = (
			);
			name = PhotoShot;
			productName = PhotoShot;
			productReference = C61CEE58290BEE190020350F /* PhotoShot.app */;
			productType = "com.apple.product-type.application";
		};
/* End PBXNativeTarget section */

/* Begin PBXProject section */
		C61CEE50290BEE190020350F /* Project object */ = {
			isa = PBXProject;
			attributes = {
				BuildIndependentTargetsInParallel = 1;
				LastSwiftUpdateCheck = 1400;
				LastUpgradeCheck = 1400;
				TargetAttributes = {
					C61CEE57290BEE190020350F = {
						CreatedOnToolsVersion = 14.0.1;
					};
				};
			};
			buildConfigurationList = C61CEE53290BEE190020350F /* Build configuration list for PBXProject "PhotoShot" */;
			compatibilityVersion = "Xcode 14.0";
			developmentRegion = en;
			hasScannedForEncodings = 0;
			knownRegions = (
				en,
				Base,
			);
			mainGroup = C61CEE4F290BEE190020350F;
			productRefGroup = C61CEE59290BEE190020350F /* Products */;
			projectDirPath = "";
			projectRoot = "";
			targets = (
				C61CEE57290BEE190020350F /* PhotoShot */,
			);
		};
/* End PBXProject section */

/* Begin PBXResourcesBuildPhase section */
		C61CEE56290BEE190020350F /* Resources */ = {
			isa = PBXResourcesBuildPhase;
			buildActionMask = 2147483647;
			files = (
				C61CEE68290BEE1D0020350F /* LaunchScreen.storyboard in Resources */,
				C61CEE70290BEEA30020350F /* GoogleService-Info.plist in Resources */,
				C61CEE65290BEE1D0020350F /* Assets.xcassets in Resources */,
				C61CEE63290BEE190020350F /* Main.storyboard in Resources */,
			);
			runOnlyForDeploymentPostprocessing = 0;
		};
/* End PBXResourcesBuildPhase section */

/* Begin PBXShellScriptBuildPhase section */
		4262F45B29A9220D0248C4A6 /* [CP] Check Pods Manifest.lock */ = {
			isa = PBXShellScriptBuildPhase;
			buildActionMask = 2147483647;
			files = (
			);
			inputFileListPaths = (
			);
			inputPaths = (
				"${PODS_PODFILE_DIR_PATH}/Podfile.lock",
				"${PODS_ROOT}/Manifest.lock",
			);
			name = "[CP] Check Pods Manifest.lock";
			outputFileListPaths = (
			);
			outputPaths = (
				"$(DERIVED_FILE_DIR)/Pods-PhotoShot-checkManifestLockResult.txt",
			);
			runOnlyForDeploymentPostprocessing = 0;
			shellPath = /bin/sh;
			shellScript = "diff \"${PODS_PODFILE_DIR_PATH}/Podfile.lock\" \"${PODS_ROOT}/Manifest.lock\" > /dev/null\nif [ $? != 0 ] ; then\n    # print error to STDERR\n    echo \"error: The sandbox is not in sync with the Podfile.lock. Run 'pod install' or update your CocoaPods installation.\" >&2\n    exit 1\nfi\n# This output is used by Xcode 'outputs' to avoid re-running this script phase.\necho \"SUCCESS\" > \"${SCRIPT_OUTPUT_FILE_0}\"\n";
			showEnvVarsInLog = 0;
		};
		F7D246F32E73DB8C1DC739C0 /* [CP] Embed Pods Frameworks */ = {
			isa = PBXShellScriptBuildPhase;
			buildActionMask = 2147483647;
			files = (
			);
			inputFileListPaths = (
				"${PODS_ROOT}/Target Support Files/Pods-PhotoShot/Pods-PhotoShot-frameworks-${CONFIGURATION}-input-files.xcfilelist",
			);
			name = "[CP] Embed Pods Frameworks";
			outputFileListPaths = (
				"${PODS_ROOT}/Target Support Files/Pods-PhotoShot/Pods-PhotoShot-frameworks-${CONFIGURATION}-output-files.xcfilelist",
			);
			runOnlyForDeploymentPostprocessing = 0;
			shellPath = /bin/sh;
			shellScript = "\"${PODS_ROOT}/Target Support Files/Pods-PhotoShot/Pods-PhotoShot-frameworks.sh\"\n";
			showEnvVarsInLog = 0;
		};
/* End PBXShellScriptBuildPhase section */

/* Begin PBXSourcesBuildPhase section */
		C61CEE54290BEE190020350F /* Sources */ = {
			isa = PBXSourcesBuildPhase;
			buildActionMask = 2147483647;
			files = (
				C61CEE72290E921D0020350F /* FeedVC.swift in Sources */,
				C61CEE60290BEE190020350F /* SignInVC.swift in Sources */,
				C61CEE5C290BEE190020350F /* AppDelegate.swift in Sources */,
				C61CEE5E290BEE190020350F /* SceneDelegate.swift in Sources */,
				C61CEE74290E923E0020350F /* UploadVC.swift in Sources */,
				C6C09B0829100A620062201A /* SettingsVC.swift in Sources */,
				C6C09B0A2910112A0062201A /* PhotoVC.swift in Sources */,
			);
			runOnlyForDeploymentPostprocessing = 0;
		};
/* End PBXSourcesBuildPhase section */

/* Begin PBXVariantGroup section */
		C61CEE61290BEE190020350F /* Main.storyboard */ = {
			isa = PBXVariantGroup;
			children = (
				C61CEE62290BEE190020350F /* Base */,
			);
			name = Main.storyboard;
			sourceTree = "<group>";
		};
		C61CEE66290BEE1D0020350F /* LaunchScreen.storyboard */ = {
			isa = PBXVariantGroup;
			children = (
				C61CEE67290BEE1D0020350F /* Base */,
			);
			name = LaunchScreen.storyboard;
			sourceTree = "<group>";
		};
/* End PBXVariantGroup section */

/* Begin XCBuildConfiguration section */
		C61CEE6A290BEE1D0020350F /* Debug */ = {
			isa = XCBuildConfiguration;
			buildSettings = {
				ALWAYS_SEARCH_USER_PATHS = NO;
				CLANG_ANALYZER_NONNULL = YES;
				CLANG_ANALYZER_NUMBER_OBJECT_CONVERSION = YES_AGGRESSIVE;
				CLANG_CXX_LANGUAGE_STANDARD = "gnu++20";
				CLANG_ENABLE_MODULES = YES;
				CLANG_ENABLE_OBJC_ARC = YES;
				CLANG_ENABLE_OBJC_WEAK = YES;
				CLANG_WARN_BLOCK_CAPTURE_AUTORELEASING = YES;
				CLANG_WARN_BOOL_CONVERSION = YES;
				CLANG_WARN_COMMA = YES;
				CLANG_WARN_CONSTANT_CONVERSION = YES;
				CLANG_WARN_DEPRECATED_OBJC_IMPLEMENTATIONS = YES;
				CLANG_WARN_DIRECT_OBJC_ISA_USAGE = YES_ERROR;
				CLANG_WARN_DOCUMENTATION_COMMENTS = YES;
				CLANG_WARN_EMPTY_BODY = YES;
				CLANG_WARN_ENUM_CONVERSION = YES;
				CLANG_WARN_INFINITE_RECURSION = YES;
				CLANG_WARN_INT_CONVERSION = YES;
				CLANG_WARN_NON_LITERAL_NULL_CONVERSION = YES;
				CLANG_WARN_OBJC_IMPLICIT_RETAIN_SELF = YES;
				CLANG_WARN_OBJC_LITERAL_CONVERSION = YES;
				CLANG_WARN_OBJC_ROOT_CLASS = YES_ERROR;
				CLANG_WARN_QUOTED_INCLUDE_IN_FRAMEWORK_HEADER = YES;
				CLANG_WARN_RANGE_LOOP_ANALYSIS = YES;
				CLANG_WARN_STRICT_PROTOTYPES = YES;
				CLANG_WARN_SUSPICIOUS_MOVE = YES;
				CLANG_WARN_UNGUARDED_AVAILABILITY = YES_AGGRESSIVE;
				CLANG_WARN_UNREACHABLE_CODE = YES;
				CLANG_WARN__DUPLICATE_METHOD_MATCH = YES;
				COPY_PHASE_STRIP = NO;
				DEBUG_INFORMATION_FORMAT = dwarf;
				ENABLE_STRICT_OBJC_MSGSEND = YES;
				ENABLE_TESTABILITY = YES;
				GCC_C_LANGUAGE_STANDARD = gnu11;
				GCC_DYNAMIC_NO_PIC = NO;
				GCC_NO_COMMON_BLOCKS = YES;
				GCC_OPTIMIZATION_LEVEL = 0;
				GCC_PREPROCESSOR_DEFINITIONS = (
					"DEBUG=1",
					"$(inherited)",
				);
				GCC_WARN_64_TO_32_BIT_CONVERSION = YES;
				GCC_WARN_ABOUT_RETURN_TYPE = YES_ERROR;
				GCC_WARN_UNDECLARED_SELECTOR = YES;
				GCC_WARN_UNINITIALIZED_AUTOS = YES_AGGRESSIVE;
				GCC_WARN_UNUSED_FUNCTION = YES;
				GCC_WARN_UNUSED_VARIABLE = YES;
				IPHONEOS_DEPLOYMENT_TARGET = 16.0;
				MTL_ENABLE_DEBUG_INFO = INCLUDE_SOURCE;
				MTL_FAST_MATH = YES;
				ONLY_ACTIVE_ARCH = YES;
				SDKROOT = iphoneos;
				SWIFT_ACTIVE_COMPILATION_CONDITIONS = DEBUG;
				SWIFT_OPTIMIZATION_LEVEL = "-Onone";
			};
			name = Debug;
		};
		C61CEE6B290BEE1D0020350F /* Release */ = {
			isa = XCBuildConfiguration;
			buildSettings = {
				ALWAYS_SEARCH_USER_PATHS = NO;
				CLANG_ANALYZER_NONNULL = YES;
				CLANG_ANALYZER_NUMBER_OBJECT_CONVERSION = YES_AGGRESSIVE;
				CLANG_CXX_LANGUAGE_STANDARD = "gnu++20";
				CLANG_ENABLE_MODULES = YES;
				CLANG_ENABLE_OBJC_ARC = YES;
				CLANG_ENABLE_OBJC_WEAK = YES;
				CLANG_WARN_BLOCK_CAPTURE_AUTORELEASING = YES;
				CLANG_WARN_BOOL_CONVERSION = YES;
				CLANG_WARN_COMMA = YES;
				CLANG_WARN_CONSTANT_CONVERSION = YES;
				CLANG_WARN_DEPRECATED_OBJC_IMPLEMENTATIONS = YES;
				CLANG_WARN_DIRECT_OBJC_ISA_USAGE = YES_ERROR;
				CLANG_WARN_DOCUMENTATION_COMMENTS = YES;
				CLANG_WARN_EMPTY_BODY = YES;
				CLANG_WARN_ENUM_CONVERSION = YES;
				CLANG_WARN_INFINITE_RECURSION = YES;
				CLANG_WARN_INT_CONVERSION = YES;
				CLANG_WARN_NON_LITERAL_NULL_CONVERSION = YES;
				CLANG_WARN_OBJC_IMPLICIT_RETAIN_SELF = YES;
				CLANG_WARN_OBJC_LITERAL_CONVERSION = YES;
				CLANG_WARN_OBJC_ROOT_CLASS = YES_ERROR;
				CLANG_WARN_QUOTED_INCLUDE_IN_FRAMEWORK_HEADER = YES;
				CLANG_WARN_RANGE_LOOP_ANALYSIS = YES;
				CLANG_WARN_STRICT_PROTOTYPES = YES;
				CLANG_WARN_SUSPICIOUS_MOVE = YES;
				CLANG_WARN_UNGUARDED_AVAILABILITY = YES_AGGRESSIVE;
				CLANG_WARN_UNREACHABLE_CODE = YES;
				CLANG_WARN__DUPLICATE_METHOD_MATCH = YES;
				COPY_PHASE_STRIP = NO;
				DEBUG_INFORMATION_FORMAT = "dwarf-with-dsym";
				ENABLE_NS_ASSERTIONS = NO;
				ENABLE_STRICT_OBJC_MSGSEND = YES;
				GCC_C_LANGUAGE_STANDARD = gnu11;
				GCC_NO_COMMON_BLOCKS = YES;
				GCC_WARN_64_TO_32_BIT_CONVERSION = YES;
				GCC_WARN_ABOUT_RETURN_TYPE = YES_ERROR;
				GCC_WARN_UNDECLARED_SELECTOR = YES;
				GCC_WARN_UNINITIALIZED_AUTOS = YES_AGGRESSIVE;
				GCC_WARN_UNUSED_FUNCTION = YES;
				GCC_WARN_UNUSED_VARIABLE = YES;
				IPHONEOS_DEPLOYMENT_TARGET = 16.0;
				MTL_ENABLE_DEBUG_INFO = NO;
				MTL_FAST_MATH = YES;
				SDKROOT = iphoneos;
				SWIFT_COMPILATION_MODE = wholemodule;
				SWIFT_OPTIMIZATION_LEVEL = "-O";
				VALIDATE_PRODUCT = YES;
			};
			name = Release;
		};
		C61CEE6D290BEE1D0020350F /* Debug */ = {
			isa = XCBuildConfiguration;
			baseConfigurationReference = 601ABC892547E5C779ADC482 /* Pods-PhotoShot.debug.xcconfig */;
			buildSettings = {
				ASSETCATALOG_COMPILER_APPICON_NAME = AppIcon;
				ASSETCATALOG_COMPILER_GLOBAL_ACCENT_COLOR_NAME = AccentColor;
				CODE_SIGN_STYLE = Automatic;
				CURRENT_PROJECT_VERSION = 1;
				DEVELOPMENT_TEAM = 4BD7R7VJN8;
				GENERATE_INFOPLIST_FILE = YES;
				INFOPLIST_FILE = PhotoShot/Info.plist;
				INFOPLIST_KEY_UIApplicationSupportsIndirectInputEvents = YES;
				INFOPLIST_KEY_UILaunchStoryboardName = LaunchScreen;
				INFOPLIST_KEY_UIMainStoryboardFile = Main;
				INFOPLIST_KEY_UISupportedInterfaceOrientations_iPad = "UIInterfaceOrientationPortrait UIInterfaceOrientationPortraitUpsideDown UIInterfaceOrientationLandscapeLeft UIInterfaceOrientationLandscapeRight";
				INFOPLIST_KEY_UISupportedInterfaceOrientations_iPhone = "UIInterfaceOrientationPortrait UIInterfaceOrientationLandscapeLeft UIInterfaceOrientationLandscapeRight";
				LD_RUNPATH_SEARCH_PATHS = (
					"$(inherited)",
					"@executable_path/Frameworks",
				);
				MARKETING_VERSION = 1.0;
				PRODUCT_BUNDLE_IDENTIFIER = com.dilaraelcioglu.PhotoShot;
				PRODUCT_NAME = "$(TARGET_NAME)";
				SWIFT_EMIT_LOC_STRINGS = YES;
				SWIFT_VERSION = 5.0;
				TARGETED_DEVICE_FAMILY = "1,2";
			};
			name = Debug;
		};
		C61CEE6E290BEE1D0020350F /* Release */ = {
			isa = XCBuildConfiguration;
			baseConfigurationReference = 91CCD148E460C1925A94995B /* Pods-PhotoShot.release.xcconfig */;
			buildSettings = {
				ASSETCATALOG_COMPILER_APPICON_NAME = AppIcon;
				ASSETCATALOG_COMPILER_GLOBAL_ACCENT_COLOR_NAME = AccentColor;
				CODE_SIGN_STYLE = Automatic;
				CURRENT_PROJECT_VERSION = 1;
				DEVELOPMENT_TEAM = 4BD7R7VJN8;
				GENERATE_INFOPLIST_FILE = YES;
				INFOPLIST_FILE = PhotoShot/Info.plist;
				INFOPLIST_KEY_UIApplicationSupportsIndirectInputEvents = YES;
				INFOPLIST_KEY_UILaunchStoryboardName = LaunchScreen;
				INFOPLIST_KEY_UIMainStoryboardFile = Main;
				INFOPLIST_KEY_UISupportedInterfaceOrientations_iPad = "UIInterfaceOrientationPortrait UIInterfaceOrientationPortraitUpsideDown UIInterfaceOrientationLandscapeLeft UIInterfaceOrientationLandscapeRight";
				INFOPLIST_KEY_UISupportedInterfaceOrientations_iPhone = "UIInterfaceOrientationPortrait UIInterfaceOrientationLandscapeLeft UIInterfaceOrientationLandscapeRight";
				LD_RUNPATH_SEARCH_PATHS = (
					"$(inherited)",
					"@executable_path/Frameworks",
				);
				MARKETING_VERSION = 1.0;
				PRODUCT_BUNDLE_IDENTIFIER = com.dilaraelcioglu.PhotoShot;
				PRODUCT_NAME = "$(TARGET_NAME)";
				SWIFT_EMIT_LOC_STRINGS = YES;
				SWIFT_VERSION = 5.0;
				TARGETED_DEVICE_FAMILY = "1,2";
			};
			name = Release;
		};
/* End XCBuildConfiguration section */

/* Begin XCConfigurationList section */
		C61CEE53290BEE190020350F /* Build configuration list for PBXProject "PhotoShot" */ = {
			isa = XCConfigurationList;
			buildConfigurations = (
				C61CEE6A290BEE1D0020350F /* Debug */,
				C61CEE6B290BEE1D0020350F /* Release */,
			);
			defaultConfigurationIsVisible = 0;
			defaultConfigurationName = Release;
		};
		C61CEE6C290BEE1D0020350F /* Build configuration list for PBXNativeTarget "PhotoShot" */ = {
			isa = XCConfigurationList;
			buildConfigurations = (
				C61CEE6D290BEE1D0020350F /* Debug */,
				C61CEE6E290BEE1D0020350F /* Release */,
			);
			defaultConfigurationIsVisible = 0;
			defaultConfigurationName = Release;
		};
/* End XCConfigurationList section */
	};
	rootObject = C61CEE50290BEE190020350F /* Project object */;
}
